github.com/ephrain1021/go-modules v0.0.0-20250104172019-a3ea7fac31fd h1:0DmmXTWFHMoI/DfCVgTInXlosbZRSkDpD8SvLD9ZqUc=
github.com/ephrain1021/go-modules v0.0.0-20250104172019-a3ea7fac31fd/go.mod h1:v34821M3MN3eOhHb62IfLxE5GvjLtEclmIjZeoRnjj4=
github.com/expr-lang/expr v1.16.9 h1:WUAzmR0JNI9JCiF0/ewwHB1gmcGw5wW7nWt8gc6PpCI=
github.com/expr-lang/expr v1.16.9/go.mod h1:8/vRC7+7HBzESEqt5kKpYXxrxkr31SaO8r40VO/1IT4=
